
Microsoft Visual Studio Solution File, Format Version 12.00
# Visual Studio Version 17
VisualStudioVersion = 17.5.2.0
MinimumVisualStudioVersion = 10.0.40219.1
Project("{2150E333-8FDC-42A3-9474-1A3956D46DE8}") = "src", "src", "{827E0CD3-B72D-47B6-A68D-7590B98EB39B}"
EndProject
Project("{FAE04EC0-301F-11D3-BF4B-00C04F79EFBC}") = "Viotto.Security", "src\Viotto.Security\Viotto.Security.csproj", "{8B5AE762-A087-4710-A2FA-6DDE95DF31AF}"
EndProject
Project("{2150E333-8FDC-42A3-9474-1A3956D46DE8}") = "tests", "tests", "{0AB3BF05-4346-4AA6-1389-037BE0695223}"
EndProject
Project("{FAE04EC0-301F-11D3-BF4B-00C04F79EFBC}") = "Viotto.Security.UnitTests", "tests\Viotto.Security.UnitTests\Viotto.Security.UnitTests.csproj", "{364DF6AC-A300-4C8C-8F29-3CF1820E446C}"
EndProject
Global
	GlobalSection(SolutionConfigurationPlatforms) = preSolution
		Debug|Any CPU = Debug|Any CPU
		Debug|x64 = Debug|x64
		Debug|x86 = Debug|x86
		Release|Any CPU = Release|Any CPU
		Release|x64 = Release|x64
		Release|x86 = Release|x86
	EndGlobalSection
	GlobalSection(ProjectConfigurationPlatforms) = postSolution
		{8B5AE762-A087-4710-A2FA-6DDE95DF31AF}.Debug|Any CPU.ActiveCfg = Debug|Any CPU
		{8B5AE762-A087-4710-A2FA-6DDE95DF31AF}.Debug|Any CPU.Build.0 = Debug|Any CPU
		{8B5AE762-A087-4710-A2FA-6DDE95DF31AF}.Debug|x64.ActiveCfg = Debug|Any CPU
		{8B5AE762-A087-4710-A2FA-6DDE95DF31AF}.Debug|x64.Build.0 = Debug|Any CPU
		{8B5AE762-A087-4710-A2FA-6DDE95DF31AF}.Debug|x86.ActiveCfg = Debug|Any CPU
		{8B5AE762-A087-4710-A2FA-6DDE95DF31AF}.Debug|x86.Build.0 = Debug|Any CPU
		{8B5AE762-A087-4710-A2FA-6DDE95DF31AF}.Release|Any CPU.ActiveCfg = Release|Any CPU
		{8B5AE762-A087-4710-A2FA-6DDE95DF31AF}.Release|Any CPU.Build.0 = Release|Any CPU
		{8B5AE762-A087-4710-A2FA-6DDE95DF31AF}.Release|x64.ActiveCfg = Release|Any CPU
		{8B5AE762-A087-4710-A2FA-6DDE95DF31AF}.Release|x64.Build.0 = Release|Any CPU
		{8B5AE762-A087-4710-A2FA-6DDE95DF31AF}.Release|x86.ActiveCfg = Release|Any CPU
		{8B5AE762-A087-4710-A2FA-6DDE95DF31AF}.Release|x86.Build.0 = Release|Any CPU
		{364DF6AC-A300-4C8C-8F29-3CF1820E446C}.Debug|Any CPU.ActiveCfg = Debug|Any CPU
		{364DF6AC-A300-4C8C-8F29-3CF1820E446C}.Debug|Any CPU.Build.0 = Debug|Any CPU
		{364DF6AC-A300-4C8C-8F29-3CF1820E446C}.Debug|x64.ActiveCfg = Debug|Any CPU
		{364DF6AC-A300-4C8C-8F29-3CF1820E446C}.Debug|x64.Build.0 = Debug|Any CPU
		{364DF6AC-A300-4C8C-8F29-3CF1820E446C}.Debug|x86.ActiveCfg = Debug|Any CPU
		{364DF6AC-A300-4C8C-8F29-3CF1820E446C}.Debug|x86.Build.0 = Debug|Any CPU
		{364DF6AC-A300-4C8C-8F29-3CF1820E446C}.Release|Any CPU.ActiveCfg = Release|Any CPU
		{364DF6AC-A300-4C8C-8F29-3CF1820E446C}.Release|Any CPU.Build.0 = Release|Any CPU
		{364DF6AC-A300-4C8C-8F29-3CF1820E446C}.Release|x64.ActiveCfg = Release|Any CPU
		{364DF6AC-A300-4C8C-8F29-3CF1820E446C}.Release|x64.Build.0 = Release|Any CPU
		{364DF6AC-A300-4C8C-8F29-3CF1820E446C}.Release|x86.ActiveCfg = Release|Any CPU
		{364DF6AC-A300-4C8C-8F29-3CF1820E446C}.Release|x86.Build.0 = Release|Any CPU
	EndGlobalSection
	GlobalSection(SolutionProperties) = preSolution
		HideSolutionNode = FALSE
	EndGlobalSection
	GlobalSection(NestedProjects) = preSolution
		{8B5AE762-A087-4710-A2FA-6DDE95DF31AF} = {827E0CD3-B72D-47B6-A68D-7590B98EB39B}
		{364DF6AC-A300-4C8C-8F29-3CF1820E446C} = {0AB3BF05-4346-4AA6-1389-037BE0695223}
	EndGlobalSection
	GlobalSection(ExtensibilityGlobals) = postSolution
		SolutionGuid = {D94D8810-8B97-496E-B715-1E2D2523EDFF}
	EndGlobalSection
EndGlobal
